
Microsoft Visual Studio Solution File, Format Version 12.00
# Visual Studio Version 17
VisualStudioVersion = 17.8.34525.116
MinimumVisualStudioVersion = 10.0.40219.1
Project("{FAE04EC0-301F-11D3-BF4B-00C04F79EFBC}") = "GameStore", "GameStore\GameStore.csproj", "{DC595B9B-8E96-4F35-AB2C-265B6811AD5B}"
EndProject
Global
	GlobalSection(SolutionConfigurationPlatforms) = preSolution
		Debug|Any CPU = Debug|Any CPU
		Release|Any CPU = Release|Any CPU
	EndGlobalSection
	GlobalSection(ProjectConfigurationPlatforms) = postSolution
		{DC595B9B-8E96-4F35-AB2C-265B6811AD5B}.Debug|Any CPU.ActiveCfg = Debug|Any CPU
		{DC595B9B-8E96-4F35-AB2C-265B6811AD5B}.Debug|Any CPU.Build.0 = Debug|Any CPU
		{DC595B9B-8E96-4F35-AB2C-265B6811AD5B}.Release|Any CPU.ActiveCfg = Release|Any CPU
		{DC595B9B-8E96-4F35-AB2C-265B6811AD5B}.Release|Any CPU.Build.0 = Release|Any CPU
	EndGlobalSection
	GlobalSection(SolutionProperties) = preSolution
		HideSolutionNode = FALSE
	EndGlobalSection
	GlobalSection(ExtensibilityGlobals) = postSolution
		SolutionGuid = {8B58366C-CEB0-49D2-A6BB-DDA91A87DE56}
	EndGlobalSection
EndGlobal
